{
  "version": 4,
  "terraform_version": "0.12.24",
  "serial": 182,
  "lineage": "07a52260-4b1c-d804-1fd4-0eec573710ab",
  "outputs": {
    "ca_certificate": {
      "value": "LS0tLS1CRUdJTiBDRVJUSUZJQ0FURS0tLS0tCk1JSURDekNDQWZPZ0F3SUJBZ0lRZUVrbE02K2ZaSVAxNjNQYm5MalU0REFOQmdrcWhraUc5dzBCQVFzRkFEQXYKTVMwd0t3WURWUVFERXlRek1HWm1NMlJrT1MxbU5UWTJMVFF6WlRjdE9UTmhaaTAzT1RBMllqUTBPVE5sWVRndwpIaGNOTWpBd05ERTNNREF3TnpJMVdoY05NalV3TkRFMk1ERXdOekkxV2pBdk1TMHdLd1lEVlFRREV5UXpNR1ptCk0yUmtPUzFtTlRZMkxUUXpaVGN0T1ROaFppMDNPVEEyWWpRME9UTmxZVGd3Z2dFaU1BMEdDU3FHU0liM0RRRUIKQVFVQUE0SUJEd0F3Z2dFS0FvSUJBUUN4bmovVDNSdXFzMjlRQ016NWZPeXZ2c0F3Z2tqTi9wWVVvL3BweVhlRgpNaU9lU216ZzBFOWh5NWk0Q0ZMWWdSYmM1dm5SL0JZZytLenIwU0tWTWVSVkJkZ1lHc2FvajlaQmpWTlltTDFWCmpWK292VFJ4bnNSV09lK3IxWDNxM1YwSDV0VGhMVDJzbCtlTEQxMzU4UC9icnA2TW94Z0lqNFE3TjFTSGZ5di8Kays3T2V0VkQ3UFdPaVh0OHROUUZ2M0x3MHlPRmIzTjh1UElWdnpqL01zS3VNUEUrV3ZsMk1OVzJFbGVBOXhmVgpwSjhMbmZkK3lncE03eHMyU3FoVzNrRWM5MnVFTkdHb05PSzRDbzVlQkt3NUNmTUJzam8xN0poMmMzTFhjMGxGCk9XMWF1QUJsMlY0eFNnRDI2aURybUJHNEx3eFZQTkF1YmxxeW0xYlBvVEtmQWdNQkFBR2pJekFoTUE0R0ExVWQKRHdFQi93UUVBd0lDQkRBUEJnTlZIUk1CQWY4RUJUQURBUUgvTUEwR0NTcUdTSWIzRFFFQkN3VUFBNElCQVFDTAowM0wyWFF3NEFCOElRcG9NNlJxUEhIN1U0TTdkTFI1d3N3Syt3OHV5NFNtY240YXBVbk9lTFNkcmd0emVxMHd6CnZKNlRhb1JyOXhlTWdkL0FqbmpnSFFlZ1FNNy9LNXZ3SFRsWTlSVjNXaGNvVzd6UDhob3VnNmRFMGlRNXk5eCsKMmZ1enBBSm8xWVpUQzRaWVY5aFFzbktMRDJDZXlZWXF6ZjNQMlpPT2dBeHRlc1dTRkhLQnZ0VldQMTVPeUN0TApuSGJnS213aEptcDV1VkdvNjZIelV6b2JQbUI2cER6V1l3SHExeCtrNjNBa0Q5M2piVzJCMExUMTQvSGZTaXJJClNUL0krblZEaEdJTXg0V2E2QWVWN3RFMHYrREF2cHhialhDdVVaOWk4dElvS3BDMU5tN3VLTUhXSGRRQUZtZWMKeUYrYXp4SnB6dE9ZOUJIck9MaWYKLS0tLS1FTkQgQ0VSVElGSUNBVEUtLS0tLQo=",
      "type": "string"
    },
    "client_token": {
      "value": "eWEyOS5jLktwWUJ4d2VWMjl3aUYxNTg5UHE2Y2d2dDYwbDhGQTNxSFROMm9KS1VHdE9fLUllbzVPQXJlazFEcVZyMlpRMWxRa2pEZ1BUSEtrVklndFZCQTRNbktBZnNrTHZLR3owUGtUU2pib0ctZk5fdE4tUGRKOXFFcWtEU2V2cnlqQXNQVV9HSHc3bU9uc1laOVlYZkxpQXR4LXpmazltVTJGWVd3Z1ZyaWR6MVNVZkcteUlMOU9aZ0pJTmFpdHU3dlJkbnBlZDZDcW05b2pGeQ==",
      "type": "string",
      "sensitive": true
    },
    "cluster_name": {
      "value": "simple-regional-private-clusterd-gke",
      "type": "string"
    },
    "ip_range_pods": {
      "value": "pods",
      "type": "string"
    },
    "ip_range_services": {
      "value": "services",
      "type": "string"
    },
    "location": {
      "value": "us-east1",
      "type": "string"
    },
    "master_kubernetes_version": {
      "value": "1.15.11-gke.5",
      "type": "string"
    },
    "network": {
      "value": "network-data-protection-01",
      "type": "string"
    },
    "project_id": {
      "value": "data-protection-01",
      "type": "string"
    },
    "region": {
      "value": "us-east1",
      "type": "string"
    },
    "service_account": {
      "value": "gke-admin-01@data-protection-01.iam.gserviceaccount.com",
      "type": "string"
    },
    "subnetwork": {
      "value": "network-data-protection-01",
      "type": "string"
    },
    "zones": {
      "value": [
        "us-east1-b",
        "us-east1-c",
        "us-east1-d"
      ],
      "type": [
        "list",
        "string"
      ]
    }
  },
  "resources": [
    {
      "mode": "data",
      "type": "google_client_config",
      "name": "default",
      "provider": "provider.google",
      "instances": [
        {
          "schema_version": 0,
          "attributes": {
            "access_token": "ya29.c.KpYBxweV29wiF1589Pq6cgvt60l8FA3qHTN2oJKUGtO_-Ieo5OArek1DqVr2ZQ1lQkjDgPTHKkVIgtVBA4MnKAfskLvKGz0PkTSjboG-fN_tN-PdJ9qEqkDSevryjAsPU_GHw7mOnsYZ9YXfLiAtx-zfk9mU2FYWwgVridz1SUfG-yIL9OZgJINaitu7vRdnped6Cqm9ojFy",
            "id": "2020-04-17 01:07:16.665672 +0000 UTC",
            "project": "",
            "region": "us-east1",
            "zone": ""
          }
        }
      ]
    },
    {
      "module": "module.gke",
      "mode": "data",
      "type": "google_client_config",
      "name": "default",
      "provider": "provider.google",
      "instances": [
        {
          "schema_version": 0,
          "attributes": {
            "access_token": "ya29.c.KpYBxweV29wiF1589Pq6cgvt60l8FA3qHTN2oJKUGtO_-Ieo5OArek1DqVr2ZQ1lQkjDgPTHKkVIgtVBA4MnKAfskLvKGz0PkTSjboG-fN_tN-PdJ9qEqkDSevryjAsPU_GHw7mOnsYZ9YXfLiAtx-zfk9mU2FYWwgVridz1SUfG-yIL9OZgJINaitu7vRdnped6Cqm9ojFy",
            "id": "2020-04-17 01:07:16.665678 +0000 UTC",
            "project": "",
            "region": "us-east1",
            "zone": ""
          }
        }
      ]
    },
    {
      "mode": "data",
      "type": "google_compute_subnetwork",
      "name": "subnetwork",
      "provider": "provider.google",
      "instances": [
        {
          "schema_version": 0,
          "attributes": {
            "description": "",
            "gateway_address": "192.168.0.1",
            "id": "projects/data-protection-01/regions/us-east1/subnetworks/network-data-protection-01",
            "ip_cidr_range": "192.168.0.0/24",
            "name": "network-data-protection-01",
            "network": "https://www.googleapis.com/compute/v1/projects/data-protection-01/global/networks/network-data-protection-01",
            "private_ip_google_access": true,
            "project": "data-protection-01",
            "region": "us-east1",
            "secondary_ip_range": [
              {
                "ip_cidr_range": "10.1.0.0/16",
                "range_name": "pods"
              },
              {
                "ip_cidr_range": "10.2.0.0/16",
                "range_name": "services"
              }
            ],
            "self_link": "https://www.googleapis.com/compute/v1/projects/data-protection-01/regions/us-east1/subnetworks/network-data-protection-01"
          }
        }
      ]
    },
    {
      "module": "module.gke",
      "mode": "data",
      "type": "google_compute_zones",
      "name": "available",
      "provider": "provider.google",
      "instances": [
        {
          "schema_version": 0,
          "attributes": {
            "id": "2020-04-17 01:07:17.143251 +0000 UTC",
            "names": [
              "us-east1-b",
              "us-east1-c",
              "us-east1-d"
            ],
            "project": "data-protection-01",
            "region": "us-east1",
            "status": null
          }
        }
      ]
    },
    {
      "module": "module.gke",
      "mode": "data",
      "type": "google_container_engine_versions",
      "name": "region",
      "provider": "provider.google",
      "instances": [
        {
          "schema_version": 0,
          "attributes": {
            "default_cluster_version": "1.14.10-gke.27",
            "id": "2020-04-17 01:07:16.974034 +0000 UTC",
            "latest_master_version": "1.15.11-gke.5",
            "latest_node_version": "1.15.11-gke.5",
            "location": "us-east1",
            "project": "data-protection-01",
            "region": null,
            "valid_master_versions": [
              "1.15.11-gke.5",
              "1.15.11-gke.3",
              "1.15.11-gke.1",
              "1.15.9-gke.26",
              "1.15.9-gke.24",
              "1.14.10-gke.34",
              "1.14.10-gke.32",
              "1.14.10-gke.31",
              "1.14.10-gke.27"
            ],
            "valid_node_versions": [
              "1.15.11-gke.5",
              "1.15.11-gke.3",
              "1.15.11-gke.1",
              "1.15.9-gke.26",
              "1.15.9-gke.24",
              "1.15.9-gke.22",
              "1.15.9-gke.12",
              "1.15.9-gke.9",
              "1.15.9-gke.8",
              "1.15.8-gke.3",
              "1.15.8-gke.2",
              "1.15.7-gke.23",
              "1.15.7-gke.2",
              "1.15.4-gke.22",
              "1.14.10-gke.34",
              "1.14.10-gke.32",
              "1.14.10-gke.31",
              "1.14.10-gke.27",
              "1.14.10-gke.24",
              "1.14.10-gke.22",
              "1.14.10-gke.21",
              "1.14.10-gke.17",
              "1.14.10-gke.0",
              "1.14.9-gke.23",
              "1.14.9-gke.2",
              "1.14.9-gke.0",
              "1.14.8-gke.33",
              "1.14.8-gke.21",
              "1.14.8-gke.18",
              "1.14.8-gke.17",
              "1.14.8-gke.14",
              "1.14.8-gke.12",
              "1.14.8-gke.7",
              "1.14.8-gke.2",
              "1.14.7-gke.40",
              "1.14.7-gke.25",
              "1.14.7-gke.23",
              "1.14.7-gke.17",
              "1.14.7-gke.14",
              "1.14.7-gke.10",
              "1.14.6-gke.13",
              "1.14.6-gke.2",
              "1.14.6-gke.1",
              "1.14.3-gke.11",
              "1.14.3-gke.10",
              "1.14.3-gke.9",
              "1.14.2-gke.9",
              "1.14.1-gke.5",
              "1.13.12-gke.30",
              "1.13.12-gke.25",
              "1.13.12-gke.17",
              "1.13.12-gke.16",
              "1.13.12-gke.14",
              "1.13.12-gke.13",
              "1.13.12-gke.10",
              "1.13.12-gke.8",
              "1.13.12-gke.4",
              "1.13.12-gke.2",
              "1.13.11-gke.23",
              "1.13.11-gke.15",
              "1.13.11-gke.14",
              "1.13.11-gke.12",
              "1.13.11-gke.11",
              "1.13.11-gke.9",
              "1.13.11-gke.5",
              "1.13.10-gke.7",
              "1.13.10-gke.0",
              "1.13.9-gke.11",
              "1.13.9-gke.3",
              "1.13.7-gke.24",
              "1.13.7-gke.19",
              "1.13.7-gke.15",
              "1.13.7-gke.8",
              "1.13.7-gke.0",
              "1.13.6-gke.13",
              "1.13.6-gke.6",
              "1.13.6-gke.5",
              "1.13.6-gke.0",
              "1.13.5-gke.10",
              "1.12.10-gke.22",
              "1.12.10-gke.20",
              "1.12.10-gke.19",
              "1.12.10-gke.18",
              "1.12.10-gke.17",
              "1.12.10-gke.15",
              "1.12.10-gke.13",
              "1.12.10-gke.11",
              "1.12.10-gke.5",
              "1.12.9-gke.16",
              "1.12.9-gke.15",
              "1.12.9-gke.13",
              "1.12.9-gke.10",
              "1.12.9-gke.7",
              "1.12.9-gke.3",
              "1.12.8-gke.12",
              "1.12.8-gke.10",
              "1.12.8-gke.7",
              "1.12.8-gke.6",
              "1.12.7-gke.26",
              "1.12.7-gke.25",
              "1.12.7-gke.24",
              "1.12.7-gke.22",
              "1.12.7-gke.21",
              "1.12.7-gke.17",
              "1.12.7-gke.10",
              "1.12.7-gke.7",
              "1.12.6-gke.11",
              "1.12.6-gke.10",
              "1.12.6-gke.7",
              "1.12.5-gke.10",
              "1.12.5-gke.5",
              "1.11.10-gke.6",
              "1.11.10-gke.5",
              "1.11.10-gke.4",
              "1.11.9-gke.13",
              "1.11.9-gke.8",
              "1.11.9-gke.5",
              "1.11.8-gke.10",
              "1.11.8-gke.6",
              "1.11.8-gke.5",
              "1.11.8-gke.4",
              "1.11.7-gke.18",
              "1.11.7-gke.12",
              "1.11.7-gke.6",
              "1.11.7-gke.4",
              "1.11.6-gke.16",
              "1.11.6-gke.11",
              "1.11.6-gke.6",
              "1.11.6-gke.3",
              "1.11.6-gke.2",
              "1.11.6-gke.0",
              "1.11.5-gke.5",
              "1.11.5-gke.4",
              "1.11.4-gke.13",
              "1.11.4-gke.12",
              "1.11.4-gke.8",
              "1.11.3-gke.24",
              "1.11.3-gke.23",
              "1.11.3-gke.18",
              "1.11.2-gke.26",
              "1.11.2-gke.25",
              "1.11.2-gke.20",
              "1.11.2-gke.18",
              "1.11.2-gke.15",
              "1.11.2-gke.9",
              "1.10.12-gke.14",
              "1.10.12-gke.9",
              "1.10.12-gke.7",
              "1.10.12-gke.1",
              "1.10.12-gke.0",
              "1.10.11-gke.1",
              "1.10.9-gke.7",
              "1.10.9-gke.5",
              "1.10.9-gke.3",
              "1.10.9-gke.0",
              "1.10.7-gke.13",
              "1.10.7-gke.11",
              "1.10.7-gke.9",
              "1.10.7-gke.6",
              "1.10.7-gke.2",
              "1.10.7-gke.1",
              "1.10.6-gke.13",
              "1.10.6-gke.11",
              "1.10.6-gke.9",
              "1.10.6-gke.6",
              "1.10.6-gke.4",
              "1.10.6-gke.3",
              "1.10.6-gke.2",
              "1.10.6-gke.1",
              "1.10.5-gke.4",
              "1.10.5-gke.3",
              "1.10.5-gke.2",
              "1.10.5-gke.0",
              "1.10.4-gke.3",
              "1.10.4-gke.2",
              "1.10.4-gke.0",
              "1.10.2-gke.4",
              "1.10.2-gke.3",
              "1.10.2-gke.1",
              "1.9.7-gke.11",
              "1.9.7-gke.7",
              "1.9.7-gke.6",
              "1.9.7-gke.5",
              "1.9.7-gke.4",
              "1.9.7-gke.3",
              "1.9.7-gke.1",
              "1.9.7-gke.0",
              "1.9.6-gke.2",
              "1.9.6-gke.1",
              "1.9.3-gke.0",
              "1.8.12-gke.3",
              "1.8.12-gke.2",
              "1.8.12-gke.1",
              "1.8.12-gke.0",
              "1.8.10-gke.2",
              "1.8.10-gke.0",
              "1.8.9-gke.1",
              "1.8.8-gke.0",
              "1.7.15-gke.0",
              "1.7.12-gke.2",
              "1.6.13-gke.1"
            ],
            "version_prefix": null,
            "zone": null
          }
        }
      ]
    },
    {
      "module": "module.gke",
      "mode": "data",
      "type": "google_container_engine_versions",
      "name": "zone",
      "provider": "provider.google",
      "instances": [
        {
          "schema_version": 0,
          "attributes": {
            "default_cluster_version": "1.14.10-gke.27",
            "id": "2020-04-17 01:07:22.216428 +0000 UTC",
            "latest_master_version": "1.15.11-gke.5",
            "latest_node_version": "1.15.11-gke.5",
            "location": "us-east1-b",
            "project": "data-protection-01",
            "region": null,
            "valid_master_versions": [
              "1.15.11-gke.5",
              "1.15.11-gke.3",
              "1.15.11-gke.1",
              "1.15.9-gke.26",
              "1.15.9-gke.24",
              "1.14.10-gke.34",
              "1.14.10-gke.32",
              "1.14.10-gke.31",
              "1.14.10-gke.27"
            ],
            "valid_node_versions": [
              "1.15.11-gke.5",
              "1.15.11-gke.3",
              "1.15.11-gke.1",
              "1.15.9-gke.26",
              "1.15.9-gke.24",
              "1.15.9-gke.22",
              "1.15.9-gke.12",
              "1.15.9-gke.9",
              "1.15.9-gke.8",
              "1.15.8-gke.3",
              "1.15.8-gke.2",
              "1.15.7-gke.23",
              "1.15.7-gke.2",
              "1.15.4-gke.22",
              "1.14.10-gke.34",
              "1.14.10-gke.32",
              "1.14.10-gke.31",
              "1.14.10-gke.27",
              "1.14.10-gke.24",
              "1.14.10-gke.22",
              "1.14.10-gke.21",
              "1.14.10-gke.17",
              "1.14.10-gke.0",
              "1.14.9-gke.23",
              "1.14.9-gke.2",
              "1.14.9-gke.0",
              "1.14.8-gke.33",
              "1.14.8-gke.21",
              "1.14.8-gke.18",
              "1.14.8-gke.17",
              "1.14.8-gke.14",
              "1.14.8-gke.12",
              "1.14.8-gke.7",
              "1.14.8-gke.2",
              "1.14.7-gke.40",
              "1.14.7-gke.25",
              "1.14.7-gke.23",
              "1.14.7-gke.17",
              "1.14.7-gke.14",
              "1.14.7-gke.10",
              "1.14.6-gke.13",
              "1.14.6-gke.2",
              "1.14.6-gke.1",
              "1.14.3-gke.11",
              "1.14.3-gke.10",
              "1.14.3-gke.9",
              "1.14.2-gke.9",
              "1.14.1-gke.5",
              "1.13.12-gke.30",
              "1.13.12-gke.25",
              "1.13.12-gke.17",
              "1.13.12-gke.16",
              "1.13.12-gke.14",
              "1.13.12-gke.13",
              "1.13.12-gke.10",
              "1.13.12-gke.8",
              "1.13.12-gke.4",
              "1.13.12-gke.2",
              "1.13.11-gke.23",
              "1.13.11-gke.15",
              "1.13.11-gke.14",
              "1.13.11-gke.12",
              "1.13.11-gke.11",
              "1.13.11-gke.9",
              "1.13.11-gke.5",
              "1.13.10-gke.7",
              "1.13.10-gke.0",
              "1.13.9-gke.11",
              "1.13.9-gke.3",
              "1.13.7-gke.24",
              "1.13.7-gke.19",
              "1.13.7-gke.15",
              "1.13.7-gke.8",
              "1.13.7-gke.0",
              "1.13.6-gke.13",
              "1.13.6-gke.6",
              "1.13.6-gke.5",
              "1.13.6-gke.0",
              "1.13.5-gke.10",
              "1.12.10-gke.22",
              "1.12.10-gke.20",
              "1.12.10-gke.19",
              "1.12.10-gke.18",
              "1.12.10-gke.17",
              "1.12.10-gke.15",
              "1.12.10-gke.13",
              "1.12.10-gke.11",
              "1.12.10-gke.5",
              "1.12.9-gke.16",
              "1.12.9-gke.15",
              "1.12.9-gke.13",
              "1.12.9-gke.10",
              "1.12.9-gke.7",
              "1.12.9-gke.3",
              "1.12.8-gke.12",
              "1.12.8-gke.10",
              "1.12.8-gke.7",
              "1.12.8-gke.6",
              "1.12.7-gke.26",
              "1.12.7-gke.25",
              "1.12.7-gke.24",
              "1.12.7-gke.22",
              "1.12.7-gke.21",
              "1.12.7-gke.17",
              "1.12.7-gke.10",
              "1.12.7-gke.7",
              "1.12.6-gke.11",
              "1.12.6-gke.10",
              "1.12.6-gke.7",
              "1.12.5-gke.10",
              "1.12.5-gke.5",
              "1.11.10-gke.6",
              "1.11.10-gke.5",
              "1.11.10-gke.4",
              "1.11.9-gke.13",
              "1.11.9-gke.8",
              "1.11.9-gke.5",
              "1.11.8-gke.10",
              "1.11.8-gke.6",
              "1.11.8-gke.5",
              "1.11.8-gke.4",
              "1.11.7-gke.18",
              "1.11.7-gke.12",
              "1.11.7-gke.6",
              "1.11.7-gke.4",
              "1.11.6-gke.16",
              "1.11.6-gke.11",
              "1.11.6-gke.6",
              "1.11.6-gke.3",
              "1.11.6-gke.2",
              "1.11.6-gke.0",
              "1.11.5-gke.5",
              "1.11.5-gke.4",
              "1.11.4-gke.13",
              "1.11.4-gke.12",
              "1.11.4-gke.8",
              "1.11.3-gke.24",
              "1.11.3-gke.23",
              "1.11.3-gke.18",
              "1.11.2-gke.26",
              "1.11.2-gke.25",
              "1.11.2-gke.20",
              "1.11.2-gke.18",
              "1.11.2-gke.15",
              "1.11.2-gke.9",
              "1.10.12-gke.14",
              "1.10.12-gke.9",
              "1.10.12-gke.7",
              "1.10.12-gke.1",
              "1.10.12-gke.0",
              "1.10.11-gke.1",
              "1.10.9-gke.7",
              "1.10.9-gke.5",
              "1.10.9-gke.3",
              "1.10.9-gke.0",
              "1.10.7-gke.13",
              "1.10.7-gke.11",
              "1.10.7-gke.9",
              "1.10.7-gke.6",
              "1.10.7-gke.2",
              "1.10.7-gke.1",
              "1.10.6-gke.13",
              "1.10.6-gke.11",
              "1.10.6-gke.9",
              "1.10.6-gke.6",
              "1.10.6-gke.4",
              "1.10.6-gke.3",
              "1.10.6-gke.2",
              "1.10.6-gke.1",
              "1.10.5-gke.4",
              "1.10.5-gke.3",
              "1.10.5-gke.2",
              "1.10.5-gke.0",
              "1.10.4-gke.3",
              "1.10.4-gke.2",
              "1.10.4-gke.0",
              "1.10.2-gke.4",
              "1.10.2-gke.3",
              "1.10.2-gke.1",
              "1.9.7-gke.11",
              "1.9.7-gke.7",
              "1.9.7-gke.6",
              "1.9.7-gke.5",
              "1.9.7-gke.4",
              "1.9.7-gke.3",
              "1.9.7-gke.1",
              "1.9.7-gke.0",
              "1.9.6-gke.2",
              "1.9.6-gke.1",
              "1.9.3-gke.0",
              "1.8.12-gke.3",
              "1.8.12-gke.2",
              "1.8.12-gke.1",
              "1.8.12-gke.0",
              "1.8.10-gke.2",
              "1.8.10-gke.0",
              "1.8.9-gke.1",
              "1.8.8-gke.0",
              "1.7.15-gke.0",
              "1.7.12-gke.2",
              "1.6.13-gke.1"
            ],
            "version_prefix": null,
            "zone": null
          }
        }
      ]
    },
    {
      "module": "module.gke",
      "mode": "managed",
      "type": "google_container_cluster",
      "name": "primary",
      "provider": "provider.google",
      "instances": [
        {
          "schema_version": 1,
          "attributes": {
            "additional_zones": [],
            "addons_config": [
              {
                "horizontal_pod_autoscaling": [
                  {
                    "disabled": false
                  }
                ],
                "http_load_balancing": [
                  {
                    "disabled": false
                  }
                ],
                "kubernetes_dashboard": [],
                "network_policy_config": [
                  {
                    "disabled": false
                  }
                ]
              }
            ],
            "authenticator_groups_config": [],
            "cluster_autoscaling": [
              {
                "auto_provisioning_defaults": [],
                "enabled": false,
                "resource_limits": []
              }
            ],
            "cluster_ipv4_cidr": "10.1.0.0/16",
            "default_max_pods_per_node": 20,
            "description": "",
            "enable_binary_authorization": false,
            "enable_intranode_visibility": null,
            "enable_kubernetes_alpha": false,
            "enable_legacy_abac": false,
            "enable_tpu": null,
            "endpoint": "172.16.0.2",
            "id": "projects/data-protection-01/locations/us-east1/clusters/simple-regional-private-clusterd-gke",
            "initial_node_count": 0,
            "instance_group_urls": [],
            "ip_allocation_policy": [
              {
                "cluster_ipv4_cidr_block": "10.1.0.0/16",
                "cluster_secondary_range_name": "pods",
                "node_ipv4_cidr_block": "",
                "services_ipv4_cidr_block": "10.2.0.0/16",
                "services_secondary_range_name": "services",
                "subnetwork_name": ""
              }
            ],
            "label_fingerprint": "a9dc16a7",
            "location": "us-east1",
            "logging_service": "logging.googleapis.com/kubernetes",
            "maintenance_policy": [
              {
                "daily_maintenance_window": [
                  {
                    "duration": "PT4H0M0S",
                    "start_time": "05:00"
                  }
                ]
              }
            ],
            "master_auth": [
              {
                "client_certificate": "",
                "client_certificate_config": [
                  {
                    "issue_client_certificate": false
                  }
                ],
                "client_key": "",
                "cluster_ca_certificate": "LS0tLS1CRUdJTiBDRVJUSUZJQ0FURS0tLS0tCk1JSURDekNDQWZPZ0F3SUJBZ0lRZUVrbE02K2ZaSVAxNjNQYm5MalU0REFOQmdrcWhraUc5dzBCQVFzRkFEQXYKTVMwd0t3WURWUVFERXlRek1HWm1NMlJrT1MxbU5UWTJMVFF6WlRjdE9UTmhaaTAzT1RBMllqUTBPVE5sWVRndwpIaGNOTWpBd05ERTNNREF3TnpJMVdoY05NalV3TkRFMk1ERXdOekkxV2pBdk1TMHdLd1lEVlFRREV5UXpNR1ptCk0yUmtPUzFtTlRZMkxUUXpaVGN0T1ROaFppMDNPVEEyWWpRME9UTmxZVGd3Z2dFaU1BMEdDU3FHU0liM0RRRUIKQVFVQUE0SUJEd0F3Z2dFS0FvSUJBUUN4bmovVDNSdXFzMjlRQ016NWZPeXZ2c0F3Z2tqTi9wWVVvL3BweVhlRgpNaU9lU216ZzBFOWh5NWk0Q0ZMWWdSYmM1dm5SL0JZZytLenIwU0tWTWVSVkJkZ1lHc2FvajlaQmpWTlltTDFWCmpWK292VFJ4bnNSV09lK3IxWDNxM1YwSDV0VGhMVDJzbCtlTEQxMzU4UC9icnA2TW94Z0lqNFE3TjFTSGZ5di8Kays3T2V0VkQ3UFdPaVh0OHROUUZ2M0x3MHlPRmIzTjh1UElWdnpqL01zS3VNUEUrV3ZsMk1OVzJFbGVBOXhmVgpwSjhMbmZkK3lncE03eHMyU3FoVzNrRWM5MnVFTkdHb05PSzRDbzVlQkt3NUNmTUJzam8xN0poMmMzTFhjMGxGCk9XMWF1QUJsMlY0eFNnRDI2aURybUJHNEx3eFZQTkF1YmxxeW0xYlBvVEtmQWdNQkFBR2pJekFoTUE0R0ExVWQKRHdFQi93UUVBd0lDQkRBUEJnTlZIUk1CQWY4RUJUQURBUUgvTUEwR0NTcUdTSWIzRFFFQkN3VUFBNElCQVFDTAowM0wyWFF3NEFCOElRcG9NNlJxUEhIN1U0TTdkTFI1d3N3Syt3OHV5NFNtY240YXBVbk9lTFNkcmd0emVxMHd6CnZKNlRhb1JyOXhlTWdkL0FqbmpnSFFlZ1FNNy9LNXZ3SFRsWTlSVjNXaGNvVzd6UDhob3VnNmRFMGlRNXk5eCsKMmZ1enBBSm8xWVpUQzRaWVY5aFFzbktMRDJDZXlZWXF6ZjNQMlpPT2dBeHRlc1dTRkhLQnZ0VldQMTVPeUN0TApuSGJnS213aEptcDV1VkdvNjZIelV6b2JQbUI2cER6V1l3SHExeCtrNjNBa0Q5M2piVzJCMExUMTQvSGZTaXJJClNUL0krblZEaEdJTXg0V2E2QWVWN3RFMHYrREF2cHhialhDdVVaOWk4dElvS3BDMU5tN3VLTUhXSGRRQUZtZWMKeUYrYXp4SnB6dE9ZOUJIck9MaWYKLS0tLS1FTkQgQ0VSVElGSUNBVEUtLS0tLQo=",
                "password": "",
                "username": ""
              }
            ],
            "master_authorized_networks_config": [
              {
                "cidr_blocks": [
                  {
                    "cidr_block": "192.168.0.0/24",
                    "display_name": "VPC"
                  }
                ]
              }
            ],
            "master_version": "1.15.11-gke.5",
            "min_master_version": "1.15.11-gke.5",
            "monitoring_service": "monitoring.googleapis.com/kubernetes",
            "name": "simple-regional-private-clusterd-gke",
            "network": "projects/data-protection-01/global/networks/network-data-protection-01",
            "network_policy": [
              {
                "enabled": true,
                "provider": "CALICO"
              }
            ],
            "node_config": [],
            "node_locations": [
              "us-east1-b",
              "us-east1-c",
              "us-east1-d"
            ],
            "node_pool": [],
            "node_version": "1.15.11-gke.5",
            "operation": null,
            "pod_security_policy_config": null,
            "private_cluster_config": [
              {
                "enable_private_endpoint": true,
                "enable_private_nodes": true,
                "master_ipv4_cidr_block": "172.16.0.0/28",
                "peering_name": "gke-n8e7c15937065d6c7875-9471-1cc4-peer",
                "private_endpoint": "172.16.0.2",
                "public_endpoint": "35.196.125.72"
              }
            ],
            "project": "data-protection-01",
            "region": null,
            "remove_default_node_pool": true,
            "resource_labels": null,
            "services_ipv4_cidr": "10.2.0.0/16",
            "subnetwork": "projects/data-protection-01/regions/us-east1/subnetworks/network-data-protection-01",
            "timeouts": {
              "create": "45m",
              "delete": "45m",
              "update": "45m"
            },
            "vertical_pod_autoscaling": [],
            "zone": null
          },
          "private": "eyJlMmJmYjczMC1lY2FhLTExZTYtOGY4OC0zNDM2M2JjN2M0YzAiOnsiY3JlYXRlIjoyNzAwMDAwMDAwMDAwLCJkZWxldGUiOjI3MDAwMDAwMDAwMDAsInVwZGF0ZSI6MjcwMDAwMDAwMDAwMH0sInNjaGVtYV92ZXJzaW9uIjoiMSJ9",
          "dependencies": [
            "google_service_account.compute_engine_service_account",
            "module.gke.google_service_account.cluster_service_account",
            "module.gke.random_shuffle.available_zones"
          ]
        }
      ]
    },
    {
      "module": "module.gke",
      "mode": "managed",
      "type": "google_container_node_pool",
      "name": "pools",
      "each": "map",
      "provider": "provider.google",
      "instances": [
        {
          "index_key": "pool-01",
          "schema_version": 1,
          "attributes": {
            "autoscaling": [
              {
                "max_node_count": 100,
                "min_node_count": 1
              }
            ],
            "cluster": "simple-regional-private-clusterd-gke",
            "id": "projects/data-protection-01/locations/us-east1/clusters/simple-regional-private-clusterd-gke/nodePools/pool-01",
            "initial_node_count": 1,
            "instance_group_urls": [
              "https://www.googleapis.com/compute/v1/projects/data-protection-01/zones/us-east1-d/instanceGroupManagers/gke-simple-regional-private-c-pool-01-4588db05-grp",
              "https://www.googleapis.com/compute/v1/projects/data-protection-01/zones/us-east1-b/instanceGroupManagers/gke-simple-regional-private-c-pool-01-56b16f82-grp",
              "https://www.googleapis.com/compute/v1/projects/data-protection-01/zones/us-east1-c/instanceGroupManagers/gke-simple-regional-private-c-pool-01-c4d270ad-grp"
            ],
            "location": "us-east1",
            "management": [
              {
                "auto_repair": true,
                "auto_upgrade": true
              }
            ],
            "max_pods_per_node": 12,
            "name": "pool-01",
            "name_prefix": "",
            "node_config": [
              {
                "disk_size_gb": 100,
                "disk_type": "pd-standard",
                "guest_accelerator": [],
                "image_type": "COS",
                "labels": {
                  "cluster_name": "simple-regional-private-clusterd-gke",
                  "node_pool": "pool-01"
                },
                "local_ssd_count": 0,
                "machine_type": "n1-standard-2",
                "metadata": {
                  "cluster_name": "simple-regional-private-clusterd-gke",
                  "disable-legacy-endpoints": "true",
                  "node_pool": "pool-01"
                },
                "min_cpu_platform": "",
                "oauth_scopes": [
                  "https://www.googleapis.com/auth/cloud-platform"
                ],
                "preemptible": false,
                "sandbox_config": [],
                "service_account": "gke-admin-01@data-protection-01.iam.gserviceaccount.com",
                "shielded_instance_config": [
                  {
                    "enable_integrity_monitoring": true,
                    "enable_secure_boot": false
                  }
                ],
                "tags": [
                  "gke-simple-regional-private-clusterd-gke",
                  "gke-simple-regional-private-clusterd-gke-pool-01"
                ],
                "taint": [],
                "workload_metadata_config": []
              }
            ],
            "node_count": 1,
            "project": "data-protection-01",
            "region": null,
            "timeouts": {
              "create": "45m",
              "delete": "45m",
              "update": "45m"
            },
            "upgrade_settings": null,
            "version": "1.15.11-gke.5",
            "zone": null
          },
          "private": "eyJlMmJmYjczMC1lY2FhLTExZTYtOGY4OC0zNDM2M2JjN2M0YzAiOnsiY3JlYXRlIjoyNzAwMDAwMDAwMDAwLCJkZWxldGUiOjI3MDAwMDAwMDAwMDAsInVwZGF0ZSI6MjcwMDAwMDAwMDAwMH0sInNjaGVtYV92ZXJzaW9uIjoiMSJ9",
          "dependencies": [
            "google_service_account.compute_engine_service_account",
            "module.gke.google_container_cluster.primary",
            "module.gke.google_service_account.cluster_service_account",
            "module.gke.random_shuffle.available_zones"
          ]
        }
      ]
    },
    {
      "mode": "managed",
      "type": "google_project_iam_binding",
      "name": "computeviewer",
      "each": "map",
      "provider": "provider.google",
      "instances": [
        {
          "index_key": "roles/compute.viewer",
          "schema_version": 0,
          "attributes": {
            "etag": "BwWjcixgYkI=",
            "id": "data-protection-01/roles/compute.viewer",
            "members": [
              "serviceAccount:gke-admin-01@data-protection-01.iam.gserviceaccount.com"
            ],
            "project": "data-protection-01",
            "role": "roles/compute.viewer"
          },
          "private": "bnVsbA==",
          "dependencies": [
            "google_service_account.compute_engine_service_account"
          ]
        },
        {
          "index_key": "roles/container.clusterAdmin",
          "schema_version": 0,
          "attributes": {
            "etag": "BwWjcixgYkI=",
            "id": "data-protection-01/roles/container.clusterAdmin",
            "members": [
              "serviceAccount:gke-admin-01@data-protection-01.iam.gserviceaccount.com"
            ],
            "project": "data-protection-01",
            "role": "roles/container.clusterAdmin"
          },
          "private": "bnVsbA==",
          "dependencies": [
            "google_service_account.compute_engine_service_account"
          ]
        },
        {
          "index_key": "roles/container.developer",
          "schema_version": 0,
          "attributes": {
            "etag": "BwWjcixgYkI=",
            "id": "data-protection-01/roles/container.developer",
            "members": [
              "serviceAccount:gke-admin-01@data-protection-01.iam.gserviceaccount.com"
            ],
            "project": "data-protection-01",
            "role": "roles/container.developer"
          },
          "private": "bnVsbA==",
          "dependencies": [
            "google_service_account.compute_engine_service_account"
          ]
        },
        {
          "index_key": "roles/iam.serviceAccountAdmin",
          "schema_version": 0,
          "attributes": {
            "etag": "BwWjcixgYkI=",
            "id": "data-protection-01/roles/iam.serviceAccountAdmin",
            "members": [
              "serviceAccount:gke-admin-01@data-protection-01.iam.gserviceaccount.com"
            ],
            "project": "data-protection-01",
            "role": "roles/iam.serviceAccountAdmin"
          },
          "private": "bnVsbA==",
          "dependencies": [
            "google_service_account.compute_engine_service_account"
          ]
        },
        {
          "index_key": "roles/iam.serviceAccountUser",
          "schema_version": 0,
          "attributes": {
            "etag": "BwWjcixgYkI=",
            "id": "data-protection-01/roles/iam.serviceAccountUser",
            "members": [
              "serviceAccount:gke-admin-01@data-protection-01.iam.gserviceaccount.com"
            ],
            "project": "data-protection-01",
            "role": "roles/iam.serviceAccountUser"
          },
          "private": "bnVsbA==",
          "dependencies": [
            "google_service_account.compute_engine_service_account"
          ]
        },
        {
          "index_key": "roles/resourcemanager.projectIamAdmin",
          "schema_version": 0,
          "attributes": {
            "etag": "BwWjcixgYkI=",
            "id": "data-protection-01/roles/resourcemanager.projectIamAdmin",
            "members": [
              "serviceAccount:gke-admin-01@data-protection-01.iam.gserviceaccount.com"
            ],
            "project": "data-protection-01",
            "role": "roles/resourcemanager.projectIamAdmin"
          },
          "private": "bnVsbA==",
          "dependencies": [
            "google_service_account.compute_engine_service_account"
          ]
        }
      ]
    },
    {
      "module": "module.gke",
      "mode": "managed",
      "type": "google_project_iam_member",
      "name": "cluster_service_account-gcr",
      "each": "list",
      "provider": "provider.google",
      "instances": []
    },
    {
      "module": "module.gke",
      "mode": "managed",
      "type": "google_project_iam_member",
      "name": "cluster_service_account-log_writer",
      "each": "list",
      "provider": "provider.google",
      "instances": []
    },
    {
      "module": "module.gke",
      "mode": "managed",
      "type": "google_project_iam_member",
      "name": "cluster_service_account-metric_writer",
      "each": "list",
      "provider": "provider.google",
      "instances": []
    },
    {
      "module": "module.gke",
      "mode": "managed",
      "type": "google_project_iam_member",
      "name": "cluster_service_account-monitoring_viewer",
      "each": "list",
      "provider": "provider.google",
      "instances": []
    },
    {
      "module": "module.gke",
      "mode": "managed",
      "type": "google_project_iam_member",
      "name": "cluster_service_account-resourceMetadata-writer",
      "each": "list",
      "provider": "provider.google",
      "instances": []
    },
    {
      "module": "module.gke",
      "mode": "managed",
      "type": "google_service_account",
      "name": "cluster_service_account",
      "each": "list",
      "provider": "provider.google",
      "instances": []
    },
    {
      "mode": "managed",
      "type": "google_service_account",
      "name": "compute_engine_service_account",
      "provider": "provider.google",
      "instances": [
        {
          "schema_version": 0,
          "attributes": {
            "account_id": "gke-admin-01",
            "description": "",
            "display_name": "GKE Compuete Engine Service Account",
            "email": "gke-admin-01@data-protection-01.iam.gserviceaccount.com",
            "id": "projects/data-protection-01/serviceAccounts/gke-admin-01@data-protection-01.iam.gserviceaccount.com",
            "name": "projects/data-protection-01/serviceAccounts/gke-admin-01@data-protection-01.iam.gserviceaccount.com",
            "project": "data-protection-01",
            "unique_id": "105985821078283654691"
          },
          "private": "bnVsbA=="
        }
      ]
    },
    {
      "module": "module.gke",
      "mode": "managed",
      "type": "kubernetes_config_map",
      "name": "ip-masq-agent",
      "each": "list",
      "provider": "module.gke.provider.kubernetes",
      "instances": []
    },
    {
      "module": "module.gke",
      "mode": "managed",
      "type": "kubernetes_config_map",
      "name": "kube-dns",
      "each": "list",
      "provider": "module.gke.provider.kubernetes",
      "instances": []
    },
    {
      "module": "module.gke",
      "mode": "managed",
      "type": "kubernetes_config_map",
      "name": "kube-dns-upstream-nameservers-and-stub-domains",
      "each": "list",
      "provider": "module.gke.provider.kubernetes",
      "instances": []
    },
    {
      "module": "module.gke",
      "mode": "managed",
      "type": "kubernetes_config_map",
      "name": "kube-dns-upstream-namservers",
      "each": "list",
      "provider": "module.gke.provider.kubernetes",
      "instances": []
    },
    {
      "module": "module.gke",
      "mode": "managed",
      "type": "null_resource",
      "name": "delete_default_kube_dns_configmap",
      "each": "list",
      "provider": "provider.null",
      "instances": []
    },
    {
      "module": "module.gke",
      "mode": "managed",
      "type": "null_resource",
      "name": "wait_for_cluster",
      "each": "list",
      "provider": "provider.null",
      "instances": [
        {
          "index_key": 0,
          "status": "tainted",
          "schema_version": 0,
          "attributes": {
            "id": "6518857588847872127",
            "triggers": {
              "name": "simple-regional-private-clusterd-gke",
              "project_id": "data-protection-01"
            }
          },
          "private": "bnVsbA==",
          "dependencies": [
            "google_service_account.compute_engine_service_account",
            "module.gke.google_container_cluster.primary",
            "module.gke.google_container_node_pool.pools",
            "module.gke.google_service_account.cluster_service_account",
            "module.gke.random_shuffle.available_zones"
          ]
        }
      ]
    },
    {
      "module": "module.gke",
      "mode": "managed",
      "type": "random_shuffle",
      "name": "available_zones",
      "provider": "provider.random",
      "instances": [
        {
          "schema_version": 0,
          "attributes": {
            "id": "-",
            "input": [
              "us-east1-b",
              "us-east1-c",
              "us-east1-d"
            ],
            "keepers": null,
            "result": [
              "us-east1-c",
              "us-east1-d",
              "us-east1-b"
            ],
            "result_count": 3,
            "seed": null
          },
          "private": "bnVsbA=="
        }
      ]
    },
    {
      "module": "module.gke",
      "mode": "managed",
      "type": "random_string",
      "name": "cluster_service_account_suffix",
      "provider": "provider.random",
      "instances": [
        {
          "schema_version": 1,
          "attributes": {
            "id": "gkk5",
            "keepers": null,
            "length": 4,
            "lower": true,
            "min_lower": 0,
            "min_numeric": 0,
            "min_special": 0,
            "min_upper": 0,
            "number": true,
            "override_special": null,
            "result": "gkk5",
            "special": false,
            "upper": false
          },
          "private": "eyJzY2hlbWFfdmVyc2lvbiI6IjEifQ=="
        }
      ]
    }
  ]
}
