{
  "version": 4,
  "terraform_version": "0.12.24",
  "serial": 363,
  "lineage": "07a52260-4b1c-d804-1fd4-0eec573710ab",
  "outputs": {
    "ca_certificate": {
      "value": "LS0tLS1CRUdJTiBDRVJUSUZJQ0FURS0tLS0tCk1JSURERENDQWZTZ0F3SUJBZ0lSQUpoUENXcWtuTTluMENEM081dVlFVlV3RFFZSktvWklodmNOQVFFTEJRQXcKTHpFdE1Dc0dBMVVFQXhNa1kyRmxOVGRtTVRBdE5UZ3pZeTAwTlRFMUxXSTJZVGN0TURFeFl6a3hPV1ptTlRabApNQjRYRFRJd01EUXhPREF4TkRVek5sb1hEVEkxTURReE56QXlORFV6Tmxvd0x6RXRNQ3NHQTFVRUF4TWtZMkZsCk5UZG1NVEF0TlRnell5MDBOVEUxTFdJMllUY3RNREV4WXpreE9XWm1OVFpsTUlJQklqQU5CZ2txaGtpRzl3MEIKQVFFRkFBT0NBUThBTUlJQkNnS0NBUUVBd2dON3haRlMwb3pOS0ZCQkRwSU44RWFkZmVUeW1NZmkvTGNJZTFkYQpjZnZyV1kxdXo2RUswK0w4RjlhdUZNZnFSQVZQcy9kYVZZNFhiUXZMNnRobENUNnUxSm0rdVRLak9LUlE3OUlSCldNOU1FZjZTY2lyRmZLK0pMM0IzTzdYeEhTSk9MUnI3VWQ0c2QxZGIrTUdNTGx3UlMrMERrcEF6T2F1MUUzTEUKNDdpUzRzdXRoR1BncjFvV1FuaXNoaVJ5QlhOcU5VLzZFNEhyS0JoOUhCeTVzaGFOcDFMV3JNUXVrekxzVkRTTAovaUcyWldsaUlmSlBoU3FCUk5nQXB3eHUyZ09VS0JxU09Qdlp1UGYxc3FXbzZId05ZeGF3M3FJSXl5T0g0TkxECk9oZm1id2IxR3dTT2xkOUtIZFhjN2lqanZ0VGg4UkFWRnEvS3RZakVHVkdMNlFJREFRQUJveU13SVRBT0JnTlYKSFE4QkFmOEVCQU1DQWdRd0R3WURWUjBUQVFIL0JBVXdBd0VCL3pBTkJna3Foa2lHOXcwQkFRc0ZBQU9DQVFFQQpDUjhtNnNzZTJqd0RUc1hyWjNhYm5YOEJ6RzZQY0Q1RFF2Y3Mzd3RmSlphT1hJaTM3M3BmK01wNGlSNCtlRVJHCjRSV1doMkdrakJVVEl1bnZyTGYxb0g1VjlCRnZ4Y3pyR2hBTVM4Q0JaSHhxNjA0aW9NMDlSNUFUM0RwWWFaVisKdnZKUENvdDlmTG5ibE5pdWN0ZGw4QlJtRHU1WG5kNjhZRlZLcjVCaTFwZkplYUJpMVhSa0JtbkNxVGJxSUtPYgorRTUwYmRFYkNPQ3pHMDEzb2F5anJkbkQ1bXYzcmhTMTZSRFY3a2NISlhaQTN1TDhOREhHQnozU3FTN3pDZnprCkdrK3B3RlJlRWFCMFZBTGRmaVlVZEw4TnhzTGVwcUVsZTkxK25DeTUxUy9Gd1M4RGdOM1JXSk9vVzVyc1dUT0MKdlBoNGgvc1k5ZVNTTllDMnBQMDREQT09Ci0tLS0tRU5EIENFUlRJRklDQVRFLS0tLS0K",
      "type": "string"
    },
    "client_token": {
      "value": "eWEyOS5hMEFlNGx2QzJmd0V0b01haWZaY25TcDdLRzFCNnVNZDdEeDdpaVRvOTBiVjBHREtyWnRrR3R2RC1VMFhWX2dMcW1iVjQxWkgxaTNuVHVhbE5Zd294aThxWHEzOEVRT0tIZkZpcHU5NmQyeXFlMXdMdFJvemQ1QzV3N0tsMUstd0xqZ1BjRGF5MlRnM05sWkU2UXJ0NTFVS1puRDBDLUJuZXNkd3M=",
      "type": "string",
      "sensitive": true
    },
    "cluster_name": {
      "value": "dmilan-gke-01",
      "type": "string"
    },
    "ip_range_pods": {
      "value": "pods",
      "type": "string"
    },
    "ip_range_services": {
      "value": "services",
      "type": "string"
    },
    "kubernetes_endpoint": {
      "value": "34.74.204.175",
      "type": "string",
      "sensitive": true
    },
    "location": {
      "value": "us-east1",
      "type": "string"
    },
    "master_kubernetes_version": {
      "value": "1.15.11-gke.9",
      "type": "string"
    },
    "network": {
      "value": "network-data-protection-01",
      "type": "string"
    },
    "project_id": {
      "value": "data-protection-01",
      "type": "string"
    },
    "region": {
      "value": "us-east1",
      "type": "string"
    },
    "service_account": {
      "value": "gke-admin-01@data-protection-01.iam.gserviceaccount.com",
      "type": "string"
    },
    "subnetwork": {
      "value": "network-data-protection-01",
      "type": "string"
    },
    "zones": {
      "value": [
        "us-east1-b",
        "us-east1-c",
        "us-east1-d"
      ],
      "type": [
        "list",
        "string"
      ]
    }
  },
  "resources": [
    {
      "mode": "data",
      "type": "google_client_config",
      "name": "default",
      "provider": "provider.google",
      "instances": [
        {
          "schema_version": 0,
          "attributes": {
            "access_token": "ya29.a0Ae4lvC2fwEtoMaifZcnSp7KG1B6uMd7Dx7iiTo90bV0GDKrZtkGtvD-U0XV_gLqmbV41ZH1i3nTualNYwoxi8qXq38EQOKHfFipu96d2yqe1wLtRozd5C5w7Kl1K-wLjgPcDay2Tg3NlZE6Qrt51UKZnD0C-Bnesdws",
            "id": "2020-04-18 02:45:22.536414 +0000 UTC",
            "project": "",
            "region": "us-east1",
            "zone": ""
          }
        }
      ]
    },
    {
      "module": "module.gke",
      "mode": "data",
      "type": "google_client_config",
      "name": "default",
      "provider": "provider.google-beta",
      "instances": [
        {
          "schema_version": 0,
          "attributes": {
            "access_token": "ya29.a0Ae4lvC3pXGDiBgnim1pqwZ58GycAG5mPCDA-ipbApS9V-INPSS4w3xJlFxEslnVUi9Kd6CbsMmxw1Q42Cqf6b4aO6KPL3fV8LAvqbaTzkXT4323XgwrniFhwFajbeQZTEmsQ_8OFyuZTnMRodBzMASBS525kuzoBMd0",
            "id": "2020-04-18 02:45:22.490952 +0000 UTC",
            "project": "",
            "region": "",
            "zone": ""
          }
        }
      ]
    },
    {
      "mode": "data",
      "type": "google_compute_subnetwork",
      "name": "subnetwork",
      "provider": "provider.google",
      "instances": [
        {
          "schema_version": 0,
          "attributes": {
            "description": "",
            "gateway_address": "192.168.0.1",
            "id": "projects/data-protection-01/regions/us-east1/subnetworks/network-data-protection-01",
            "ip_cidr_range": "192.168.0.0/24",
            "name": "network-data-protection-01",
            "network": "https://www.googleapis.com/compute/v1/projects/data-protection-01/global/networks/network-data-protection-01",
            "private_ip_google_access": true,
            "project": "data-protection-01",
            "region": "us-east1",
            "secondary_ip_range": [
              {
                "ip_cidr_range": "10.1.0.0/16",
                "range_name": "pods"
              },
              {
                "ip_cidr_range": "10.2.0.0/16",
                "range_name": "services"
              }
            ],
            "self_link": "https://www.googleapis.com/compute/v1/projects/data-protection-01/regions/us-east1/subnetworks/network-data-protection-01"
          }
        }
      ]
    },
    {
      "module": "module.gke",
      "mode": "data",
      "type": "google_compute_zones",
      "name": "available",
      "provider": "provider.google-beta",
      "instances": [
        {
          "schema_version": 0,
          "attributes": {
            "id": "2020-04-18 02:45:22.940872 +0000 UTC",
            "names": [
              "us-east1-b",
              "us-east1-c",
              "us-east1-d"
            ],
            "project": "data-protection-01",
            "region": "us-east1",
            "status": null
          }
        }
      ]
    },
    {
      "module": "module.gke",
      "mode": "data",
      "type": "google_container_engine_versions",
      "name": "region",
      "provider": "provider.google",
      "instances": [
        {
          "schema_version": 0,
          "attributes": {
            "default_cluster_version": "1.14.10-gke.27",
            "id": "2020-04-18 02:45:22.806219 +0000 UTC",
            "latest_master_version": "1.15.11-gke.9",
            "latest_node_version": "1.15.11-gke.9",
            "location": "us-east1",
            "project": "data-protection-01",
            "region": null,
            "valid_master_versions": [
              "1.15.11-gke.9",
              "1.15.11-gke.5",
              "1.15.11-gke.3",
              "1.15.11-gke.1",
              "1.15.9-gke.26",
              "1.15.9-gke.24",
              "1.14.10-gke.36",
              "1.14.10-gke.34",
              "1.14.10-gke.32",
              "1.14.10-gke.31",
              "1.14.10-gke.27"
            ],
            "valid_node_versions": [
              "1.15.11-gke.9",
              "1.15.11-gke.5",
              "1.15.11-gke.3",
              "1.15.11-gke.1",
              "1.15.9-gke.26",
              "1.15.9-gke.24",
              "1.15.9-gke.22",
              "1.15.9-gke.12",
              "1.15.9-gke.9",
              "1.15.9-gke.8",
              "1.15.8-gke.3",
              "1.15.8-gke.2",
              "1.15.7-gke.23",
              "1.15.7-gke.2",
              "1.15.4-gke.22",
              "1.14.10-gke.36",
              "1.14.10-gke.34",
              "1.14.10-gke.32",
              "1.14.10-gke.31",
              "1.14.10-gke.27",
              "1.14.10-gke.24",
              "1.14.10-gke.22",
              "1.14.10-gke.21",
              "1.14.10-gke.17",
              "1.14.10-gke.0",
              "1.14.9-gke.23",
              "1.14.9-gke.2",
              "1.14.9-gke.0",
              "1.14.8-gke.33",
              "1.14.8-gke.21",
              "1.14.8-gke.18",
              "1.14.8-gke.17",
              "1.14.8-gke.14",
              "1.14.8-gke.12",
              "1.14.8-gke.7",
              "1.14.8-gke.2",
              "1.14.7-gke.40",
              "1.14.7-gke.25",
              "1.14.7-gke.23",
              "1.14.7-gke.17",
              "1.14.7-gke.14",
              "1.14.7-gke.10",
              "1.14.6-gke.13",
              "1.14.6-gke.2",
              "1.14.6-gke.1",
              "1.14.3-gke.11",
              "1.14.3-gke.10",
              "1.14.3-gke.9",
              "1.14.2-gke.9",
              "1.14.1-gke.5",
              "1.13.12-gke.30",
              "1.13.12-gke.25",
              "1.13.12-gke.17",
              "1.13.12-gke.16",
              "1.13.12-gke.14",
              "1.13.12-gke.13",
              "1.13.12-gke.10",
              "1.13.12-gke.8",
              "1.13.12-gke.4",
              "1.13.12-gke.2",
              "1.13.11-gke.23",
              "1.13.11-gke.15",
              "1.13.11-gke.14",
              "1.13.11-gke.12",
              "1.13.11-gke.11",
              "1.13.11-gke.9",
              "1.13.11-gke.5",
              "1.13.10-gke.7",
              "1.13.10-gke.0",
              "1.13.9-gke.11",
              "1.13.9-gke.3",
              "1.13.7-gke.24",
              "1.13.7-gke.19",
              "1.13.7-gke.15",
              "1.13.7-gke.8",
              "1.13.7-gke.0",
              "1.13.6-gke.13",
              "1.13.6-gke.6",
              "1.13.6-gke.5",
              "1.13.6-gke.0",
              "1.13.5-gke.10",
              "1.12.10-gke.22",
              "1.12.10-gke.20",
              "1.12.10-gke.19",
              "1.12.10-gke.18",
              "1.12.10-gke.17",
              "1.12.10-gke.15",
              "1.12.10-gke.13",
              "1.12.10-gke.11",
              "1.12.10-gke.5",
              "1.12.9-gke.16",
              "1.12.9-gke.15",
              "1.12.9-gke.13",
              "1.12.9-gke.10",
              "1.12.9-gke.7",
              "1.12.9-gke.3",
              "1.12.8-gke.12",
              "1.12.8-gke.10",
              "1.12.8-gke.7",
              "1.12.8-gke.6",
              "1.12.7-gke.26",
              "1.12.7-gke.25",
              "1.12.7-gke.24",
              "1.12.7-gke.22",
              "1.12.7-gke.21",
              "1.12.7-gke.17",
              "1.12.7-gke.10",
              "1.12.7-gke.7",
              "1.12.6-gke.11",
              "1.12.6-gke.10",
              "1.12.6-gke.7",
              "1.12.5-gke.10",
              "1.12.5-gke.5",
              "1.11.10-gke.6",
              "1.11.10-gke.5",
              "1.11.10-gke.4",
              "1.11.9-gke.13",
              "1.11.9-gke.8",
              "1.11.9-gke.5",
              "1.11.8-gke.10",
              "1.11.8-gke.6",
              "1.11.8-gke.5",
              "1.11.8-gke.4",
              "1.11.7-gke.18",
              "1.11.7-gke.12",
              "1.11.7-gke.6",
              "1.11.7-gke.4",
              "1.11.6-gke.16",
              "1.11.6-gke.11",
              "1.11.6-gke.6",
              "1.11.6-gke.3",
              "1.11.6-gke.2",
              "1.11.6-gke.0",
              "1.11.5-gke.5",
              "1.11.5-gke.4",
              "1.11.4-gke.13",
              "1.11.4-gke.12",
              "1.11.4-gke.8",
              "1.11.3-gke.24",
              "1.11.3-gke.23",
              "1.11.3-gke.18",
              "1.11.2-gke.26",
              "1.11.2-gke.25",
              "1.11.2-gke.20",
              "1.11.2-gke.18",
              "1.11.2-gke.15",
              "1.11.2-gke.9",
              "1.10.12-gke.14",
              "1.10.12-gke.9",
              "1.10.12-gke.7",
              "1.10.12-gke.1",
              "1.10.12-gke.0",
              "1.10.11-gke.1",
              "1.10.9-gke.7",
              "1.10.9-gke.5",
              "1.10.9-gke.3",
              "1.10.9-gke.0",
              "1.10.7-gke.13",
              "1.10.7-gke.11",
              "1.10.7-gke.9",
              "1.10.7-gke.6",
              "1.10.7-gke.2",
              "1.10.7-gke.1",
              "1.10.6-gke.13",
              "1.10.6-gke.11",
              "1.10.6-gke.9",
              "1.10.6-gke.6",
              "1.10.6-gke.4",
              "1.10.6-gke.3",
              "1.10.6-gke.2",
              "1.10.6-gke.1",
              "1.10.5-gke.4",
              "1.10.5-gke.3",
              "1.10.5-gke.2",
              "1.10.5-gke.0",
              "1.10.4-gke.3",
              "1.10.4-gke.2",
              "1.10.4-gke.0",
              "1.10.2-gke.4",
              "1.10.2-gke.3",
              "1.10.2-gke.1",
              "1.9.7-gke.11",
              "1.9.7-gke.7",
              "1.9.7-gke.6",
              "1.9.7-gke.5",
              "1.9.7-gke.4",
              "1.9.7-gke.3",
              "1.9.7-gke.1",
              "1.9.7-gke.0",
              "1.9.6-gke.2",
              "1.9.6-gke.1",
              "1.9.3-gke.0",
              "1.8.12-gke.3",
              "1.8.12-gke.2",
              "1.8.12-gke.1",
              "1.8.12-gke.0",
              "1.8.10-gke.2",
              "1.8.10-gke.0",
              "1.8.9-gke.1",
              "1.8.8-gke.0",
              "1.7.15-gke.0",
              "1.7.12-gke.2",
              "1.6.13-gke.1"
            ],
            "version_prefix": null,
            "zone": null
          }
        }
      ]
    },
    {
      "module": "module.gke",
      "mode": "data",
      "type": "google_container_engine_versions",
      "name": "zone",
      "provider": "provider.google",
      "instances": [
        {
          "schema_version": 0,
          "attributes": {
            "default_cluster_version": "1.14.10-gke.27",
            "id": "2020-04-18 02:45:23.018281 +0000 UTC",
            "latest_master_version": "1.15.11-gke.5",
            "latest_node_version": "1.15.11-gke.5",
            "location": "us-east1-b",
            "project": "data-protection-01",
            "region": null,
            "valid_master_versions": [
              "1.15.11-gke.5",
              "1.15.11-gke.3",
              "1.15.11-gke.1",
              "1.15.9-gke.26",
              "1.15.9-gke.24",
              "1.14.10-gke.34",
              "1.14.10-gke.32",
              "1.14.10-gke.31",
              "1.14.10-gke.27"
            ],
            "valid_node_versions": [
              "1.15.11-gke.5",
              "1.15.11-gke.3",
              "1.15.11-gke.1",
              "1.15.9-gke.26",
              "1.15.9-gke.24",
              "1.15.9-gke.22",
              "1.15.9-gke.12",
              "1.15.9-gke.9",
              "1.15.9-gke.8",
              "1.15.8-gke.3",
              "1.15.8-gke.2",
              "1.15.7-gke.23",
              "1.15.7-gke.2",
              "1.15.4-gke.22",
              "1.14.10-gke.34",
              "1.14.10-gke.32",
              "1.14.10-gke.31",
              "1.14.10-gke.27",
              "1.14.10-gke.24",
              "1.14.10-gke.22",
              "1.14.10-gke.21",
              "1.14.10-gke.17",
              "1.14.10-gke.0",
              "1.14.9-gke.23",
              "1.14.9-gke.2",
              "1.14.9-gke.0",
              "1.14.8-gke.33",
              "1.14.8-gke.21",
              "1.14.8-gke.18",
              "1.14.8-gke.17",
              "1.14.8-gke.14",
              "1.14.8-gke.12",
              "1.14.8-gke.7",
              "1.14.8-gke.2",
              "1.14.7-gke.40",
              "1.14.7-gke.25",
              "1.14.7-gke.23",
              "1.14.7-gke.17",
              "1.14.7-gke.14",
              "1.14.7-gke.10",
              "1.14.6-gke.13",
              "1.14.6-gke.2",
              "1.14.6-gke.1",
              "1.14.3-gke.11",
              "1.14.3-gke.10",
              "1.14.3-gke.9",
              "1.14.2-gke.9",
              "1.14.1-gke.5",
              "1.13.12-gke.30",
              "1.13.12-gke.25",
              "1.13.12-gke.17",
              "1.13.12-gke.16",
              "1.13.12-gke.14",
              "1.13.12-gke.13",
              "1.13.12-gke.10",
              "1.13.12-gke.8",
              "1.13.12-gke.4",
              "1.13.12-gke.2",
              "1.13.11-gke.23",
              "1.13.11-gke.15",
              "1.13.11-gke.14",
              "1.13.11-gke.12",
              "1.13.11-gke.11",
              "1.13.11-gke.9",
              "1.13.11-gke.5",
              "1.13.10-gke.7",
              "1.13.10-gke.0",
              "1.13.9-gke.11",
              "1.13.9-gke.3",
              "1.13.7-gke.24",
              "1.13.7-gke.19",
              "1.13.7-gke.15",
              "1.13.7-gke.8",
              "1.13.7-gke.0",
              "1.13.6-gke.13",
              "1.13.6-gke.6",
              "1.13.6-gke.5",
              "1.13.6-gke.0",
              "1.13.5-gke.10",
              "1.12.10-gke.22",
              "1.12.10-gke.20",
              "1.12.10-gke.19",
              "1.12.10-gke.18",
              "1.12.10-gke.17",
              "1.12.10-gke.15",
              "1.12.10-gke.13",
              "1.12.10-gke.11",
              "1.12.10-gke.5",
              "1.12.9-gke.16",
              "1.12.9-gke.15",
              "1.12.9-gke.13",
              "1.12.9-gke.10",
              "1.12.9-gke.7",
              "1.12.9-gke.3",
              "1.12.8-gke.12",
              "1.12.8-gke.10",
              "1.12.8-gke.7",
              "1.12.8-gke.6",
              "1.12.7-gke.26",
              "1.12.7-gke.25",
              "1.12.7-gke.24",
              "1.12.7-gke.22",
              "1.12.7-gke.21",
              "1.12.7-gke.17",
              "1.12.7-gke.10",
              "1.12.7-gke.7",
              "1.12.6-gke.11",
              "1.12.6-gke.10",
              "1.12.6-gke.7",
              "1.12.5-gke.10",
              "1.12.5-gke.5",
              "1.11.10-gke.6",
              "1.11.10-gke.5",
              "1.11.10-gke.4",
              "1.11.9-gke.13",
              "1.11.9-gke.8",
              "1.11.9-gke.5",
              "1.11.8-gke.10",
              "1.11.8-gke.6",
              "1.11.8-gke.5",
              "1.11.8-gke.4",
              "1.11.7-gke.18",
              "1.11.7-gke.12",
              "1.11.7-gke.6",
              "1.11.7-gke.4",
              "1.11.6-gke.16",
              "1.11.6-gke.11",
              "1.11.6-gke.6",
              "1.11.6-gke.3",
              "1.11.6-gke.2",
              "1.11.6-gke.0",
              "1.11.5-gke.5",
              "1.11.5-gke.4",
              "1.11.4-gke.13",
              "1.11.4-gke.12",
              "1.11.4-gke.8",
              "1.11.3-gke.24",
              "1.11.3-gke.23",
              "1.11.3-gke.18",
              "1.11.2-gke.26",
              "1.11.2-gke.25",
              "1.11.2-gke.20",
              "1.11.2-gke.18",
              "1.11.2-gke.15",
              "1.11.2-gke.9",
              "1.10.12-gke.14",
              "1.10.12-gke.9",
              "1.10.12-gke.7",
              "1.10.12-gke.1",
              "1.10.12-gke.0",
              "1.10.11-gke.1",
              "1.10.9-gke.7",
              "1.10.9-gke.5",
              "1.10.9-gke.3",
              "1.10.9-gke.0",
              "1.10.7-gke.13",
              "1.10.7-gke.11",
              "1.10.7-gke.9",
              "1.10.7-gke.6",
              "1.10.7-gke.2",
              "1.10.7-gke.1",
              "1.10.6-gke.13",
              "1.10.6-gke.11",
              "1.10.6-gke.9",
              "1.10.6-gke.6",
              "1.10.6-gke.4",
              "1.10.6-gke.3",
              "1.10.6-gke.2",
              "1.10.6-gke.1",
              "1.10.5-gke.4",
              "1.10.5-gke.3",
              "1.10.5-gke.2",
              "1.10.5-gke.0",
              "1.10.4-gke.3",
              "1.10.4-gke.2",
              "1.10.4-gke.0",
              "1.10.2-gke.4",
              "1.10.2-gke.3",
              "1.10.2-gke.1",
              "1.9.7-gke.11",
              "1.9.7-gke.7",
              "1.9.7-gke.6",
              "1.9.7-gke.5",
              "1.9.7-gke.4",
              "1.9.7-gke.3",
              "1.9.7-gke.1",
              "1.9.7-gke.0",
              "1.9.6-gke.2",
              "1.9.6-gke.1",
              "1.9.3-gke.0",
              "1.8.12-gke.3",
              "1.8.12-gke.2",
              "1.8.12-gke.1",
              "1.8.12-gke.0",
              "1.8.10-gke.2",
              "1.8.10-gke.0",
              "1.8.9-gke.1",
              "1.8.8-gke.0",
              "1.7.15-gke.0",
              "1.7.12-gke.2",
              "1.6.13-gke.1"
            ],
            "version_prefix": null,
            "zone": null
          }
        }
      ]
    },
    {
      "module": "module.gke",
      "mode": "managed",
      "type": "google_container_cluster",
      "name": "primary",
      "provider": "provider.google-beta",
      "instances": [
        {
          "schema_version": 1,
          "attributes": {
            "additional_zones": [],
            "addons_config": [
              {
                "cloudrun_config": [],
                "dns_cache_config": [
                  {
                    "enabled": false
                  }
                ],
                "horizontal_pod_autoscaling": [
                  {
                    "disabled": false
                  }
                ],
                "http_load_balancing": [
                  {
                    "disabled": false
                  }
                ],
                "istio_config": [
                  {
                    "auth": "AUTH_MUTUAL_TLS",
                    "disabled": true
                  }
                ],
                "kubernetes_dashboard": [],
                "network_policy_config": [
                  {
                    "disabled": false
                  }
                ]
              }
            ],
            "authenticator_groups_config": [],
            "cluster_autoscaling": [
              {
                "auto_provisioning_defaults": [],
                "autoscaling_profile": "BALANCED",
                "enabled": false,
                "resource_limits": []
              }
            ],
            "cluster_ipv4_cidr": "10.1.0.0/16",
            "database_encryption": [
              {
                "key_name": "projects/data-protection-01/locations/us-east1/keyRings/gke-keyring-01/cryptoKeys/etcd-key-01",
                "state": "ENCRYPTED"
              }
            ],
            "default_max_pods_per_node": 20,
            "description": "",
            "enable_binary_authorization": false,
            "enable_intranode_visibility": false,
            "enable_kubernetes_alpha": false,
            "enable_legacy_abac": false,
            "enable_shielded_nodes": true,
            "enable_tpu": false,
            "endpoint": "172.16.0.2",
            "id": "projects/data-protection-01/locations/us-east1/clusters/dmilan-gke-01",
            "initial_node_count": 0,
            "instance_group_urls": [],
            "ip_allocation_policy": [
              {
                "cluster_ipv4_cidr_block": "10.1.0.0/16",
                "cluster_secondary_range_name": "pods",
                "node_ipv4_cidr_block": "",
                "services_ipv4_cidr_block": "10.2.0.0/16",
                "services_secondary_range_name": "services",
                "subnetwork_name": ""
              }
            ],
            "label_fingerprint": "a9dc16a7",
            "location": "us-east1",
            "logging_service": "logging.googleapis.com/kubernetes",
            "maintenance_policy": [
              {
                "daily_maintenance_window": [
                  {
                    "duration": "PT4H0M0S",
                    "start_time": "05:00"
                  }
                ],
                "recurring_window": []
              }
            ],
            "master_auth": [
              {
                "client_certificate": "",
                "client_certificate_config": [
                  {
                    "issue_client_certificate": false
                  }
                ],
                "client_key": "",
                "cluster_ca_certificate": "LS0tLS1CRUdJTiBDRVJUSUZJQ0FURS0tLS0tCk1JSURERENDQWZTZ0F3SUJBZ0lSQUpoUENXcWtuTTluMENEM081dVlFVlV3RFFZSktvWklodmNOQVFFTEJRQXcKTHpFdE1Dc0dBMVVFQXhNa1kyRmxOVGRtTVRBdE5UZ3pZeTAwTlRFMUxXSTJZVGN0TURFeFl6a3hPV1ptTlRabApNQjRYRFRJd01EUXhPREF4TkRVek5sb1hEVEkxTURReE56QXlORFV6Tmxvd0x6RXRNQ3NHQTFVRUF4TWtZMkZsCk5UZG1NVEF0TlRnell5MDBOVEUxTFdJMllUY3RNREV4WXpreE9XWm1OVFpsTUlJQklqQU5CZ2txaGtpRzl3MEIKQVFFRkFBT0NBUThBTUlJQkNnS0NBUUVBd2dON3haRlMwb3pOS0ZCQkRwSU44RWFkZmVUeW1NZmkvTGNJZTFkYQpjZnZyV1kxdXo2RUswK0w4RjlhdUZNZnFSQVZQcy9kYVZZNFhiUXZMNnRobENUNnUxSm0rdVRLak9LUlE3OUlSCldNOU1FZjZTY2lyRmZLK0pMM0IzTzdYeEhTSk9MUnI3VWQ0c2QxZGIrTUdNTGx3UlMrMERrcEF6T2F1MUUzTEUKNDdpUzRzdXRoR1BncjFvV1FuaXNoaVJ5QlhOcU5VLzZFNEhyS0JoOUhCeTVzaGFOcDFMV3JNUXVrekxzVkRTTAovaUcyWldsaUlmSlBoU3FCUk5nQXB3eHUyZ09VS0JxU09Qdlp1UGYxc3FXbzZId05ZeGF3M3FJSXl5T0g0TkxECk9oZm1id2IxR3dTT2xkOUtIZFhjN2lqanZ0VGg4UkFWRnEvS3RZakVHVkdMNlFJREFRQUJveU13SVRBT0JnTlYKSFE4QkFmOEVCQU1DQWdRd0R3WURWUjBUQVFIL0JBVXdBd0VCL3pBTkJna3Foa2lHOXcwQkFRc0ZBQU9DQVFFQQpDUjhtNnNzZTJqd0RUc1hyWjNhYm5YOEJ6RzZQY0Q1RFF2Y3Mzd3RmSlphT1hJaTM3M3BmK01wNGlSNCtlRVJHCjRSV1doMkdrakJVVEl1bnZyTGYxb0g1VjlCRnZ4Y3pyR2hBTVM4Q0JaSHhxNjA0aW9NMDlSNUFUM0RwWWFaVisKdnZKUENvdDlmTG5ibE5pdWN0ZGw4QlJtRHU1WG5kNjhZRlZLcjVCaTFwZkplYUJpMVhSa0JtbkNxVGJxSUtPYgorRTUwYmRFYkNPQ3pHMDEzb2F5anJkbkQ1bXYzcmhTMTZSRFY3a2NISlhaQTN1TDhOREhHQnozU3FTN3pDZnprCkdrK3B3RlJlRWFCMFZBTGRmaVlVZEw4TnhzTGVwcUVsZTkxK25DeTUxUy9Gd1M4RGdOM1JXSk9vVzVyc1dUT0MKdlBoNGgvc1k5ZVNTTllDMnBQMDREQT09Ci0tLS0tRU5EIENFUlRJRklDQVRFLS0tLS0K",
                "password": "",
                "username": ""
              }
            ],
            "master_authorized_networks_config": [
              {
                "cidr_blocks": [
                  {
                    "cidr_block": "192.168.0.0/24",
                    "display_name": "VPC"
                  }
                ]
              }
            ],
            "master_version": "1.15.11-gke.9",
            "min_master_version": "1.15.11-gke.9",
            "monitoring_service": "monitoring.googleapis.com/kubernetes",
            "name": "dmilan-gke-01",
            "network": "projects/data-protection-01/global/networks/network-data-protection-01",
            "network_policy": [
              {
                "enabled": true,
                "provider": "CALICO"
              }
            ],
            "node_config": [],
            "node_locations": [
              "us-east1-b",
              "us-east1-c",
              "us-east1-d"
            ],
            "node_pool": [],
            "node_version": "1.15.11-gke.9",
            "operation": null,
            "pod_security_policy_config": [
              {
                "enabled": false
              }
            ],
            "private_cluster_config": [
              {
                "enable_private_endpoint": true,
                "enable_private_nodes": true,
                "master_ipv4_cidr_block": "172.16.0.0/28",
                "peering_name": "gke-n8e7c15937065d6c7875-cbb9-d80b-peer",
                "private_endpoint": "172.16.0.2",
                "public_endpoint": "34.74.204.175"
              }
            ],
            "project": "data-protection-01",
            "region": null,
            "release_channel": [
              {
                "channel": "UNSPECIFIED"
              }
            ],
            "remove_default_node_pool": true,
            "resource_labels": null,
            "resource_usage_export_config": [],
            "services_ipv4_cidr": "10.2.0.0/16",
            "subnetwork": "projects/data-protection-01/regions/us-east1/subnetworks/network-data-protection-01",
            "timeouts": {
              "create": "45m",
              "delete": "45m",
              "update": "45m"
            },
            "tpu_ipv4_cidr_block": "",
            "vertical_pod_autoscaling": [
              {
                "enabled": false
              }
            ],
            "workload_identity_config": [
              {
                "identity_namespace": "data-protection-01.svc.id.goog"
              }
            ],
            "zone": null
          },
          "private": "eyJlMmJmYjczMC1lY2FhLTExZTYtOGY4OC0zNDM2M2JjN2M0YzAiOnsiY3JlYXRlIjoyNzAwMDAwMDAwMDAwLCJkZWxldGUiOjI3MDAwMDAwMDAwMDAsInVwZGF0ZSI6MjcwMDAwMDAwMDAwMH0sInNjaGVtYV92ZXJzaW9uIjoiMSJ9",
          "dependencies": [
            "google_kms_crypto_key_iam_binding.disk_crypto_key",
            "google_kms_crypto_key_iam_binding.gke_crypto_key",
            "google_service_account.compute_engine_service_account",
            "module.gke.google_service_account.cluster_service_account",
            "module.gke.random_shuffle.available_zones"
          ]
        }
      ]
    },
    {
      "module": "module.gke",
      "mode": "managed",
      "type": "google_container_node_pool",
      "name": "pools",
      "each": "map",
      "provider": "provider.google-beta",
      "instances": [
        {
          "index_key": "pool-01",
          "schema_version": 1,
          "attributes": {
            "autoscaling": [
              {
                "max_node_count": 100,
                "min_node_count": 1
              }
            ],
            "cluster": "dmilan-gke-01",
            "id": "projects/data-protection-01/locations/us-east1/clusters/dmilan-gke-01/nodePools/pool-01",
            "initial_node_count": 1,
            "instance_group_urls": [
              "https://www.googleapis.com/compute/v1/projects/data-protection-01/zones/us-east1-d/instanceGroupManagers/gke-dmilan-gke-01-pool-01-14dfb0a2-grp",
              "https://www.googleapis.com/compute/v1/projects/data-protection-01/zones/us-east1-b/instanceGroupManagers/gke-dmilan-gke-01-pool-01-d53c9239-grp",
              "https://www.googleapis.com/compute/v1/projects/data-protection-01/zones/us-east1-c/instanceGroupManagers/gke-dmilan-gke-01-pool-01-235b03df-grp"
            ],
            "location": "us-east1",
            "management": [
              {
                "auto_repair": true,
                "auto_upgrade": true
              }
            ],
            "max_pods_per_node": 12,
            "name": "pool-01",
            "name_prefix": "",
            "node_config": [
              {
                "boot_disk_kms_key": "",
                "disk_size_gb": 100,
                "disk_type": "pd-standard",
                "guest_accelerator": [],
                "image_type": "COS",
                "labels": {
                  "cluster_name": "dmilan-gke-01",
                  "node_pool": "pool-01"
                },
                "local_ssd_count": 0,
                "machine_type": "n1-standard-2",
                "metadata": {
                  "cluster_name": "dmilan-gke-01",
                  "disable-legacy-endpoints": "true",
                  "node_pool": "pool-01"
                },
                "min_cpu_platform": "",
                "oauth_scopes": [
                  "https://www.googleapis.com/auth/cloud-platform"
                ],
                "preemptible": false,
                "sandbox_config": [],
                "service_account": "gke-admin-01@data-protection-01.iam.gserviceaccount.com",
                "shielded_instance_config": [
                  {
                    "enable_integrity_monitoring": true,
                    "enable_secure_boot": false
                  }
                ],
                "tags": [
                  "gke-dmilan-gke-01",
                  "gke-dmilan-gke-01-pool-01"
                ],
                "taint": [],
                "workload_metadata_config": [
                  {
                    "node_metadata": "SECURE"
                  }
                ]
              }
            ],
            "node_count": 1,
            "node_locations": [
              "us-east1-b",
              "us-east1-c",
              "us-east1-d"
            ],
            "project": "data-protection-01",
            "region": null,
            "timeouts": {
              "create": "45m",
              "delete": "45m",
              "update": "45m"
            },
            "upgrade_settings": [
              {
                "max_surge": 1,
                "max_unavailable": 0
              }
            ],
            "version": "1.15.11-gke.9",
            "zone": null
          },
          "private": "eyJlMmJmYjczMC1lY2FhLTExZTYtOGY4OC0zNDM2M2JjN2M0YzAiOnsiY3JlYXRlIjoyNzAwMDAwMDAwMDAwLCJkZWxldGUiOjI3MDAwMDAwMDAwMDAsInVwZGF0ZSI6MjcwMDAwMDAwMDAwMH0sInNjaGVtYV92ZXJzaW9uIjoiMSJ9",
          "dependencies": [
            "google_kms_crypto_key_iam_binding.disk_crypto_key",
            "google_kms_crypto_key_iam_binding.gke_crypto_key",
            "google_service_account.compute_engine_service_account",
            "module.gke.google_container_cluster.primary",
            "module.gke.google_service_account.cluster_service_account",
            "module.gke.random_shuffle.available_zones"
          ]
        }
      ]
    },
    {
      "mode": "managed",
      "type": "google_kms_crypto_key_iam_binding",
      "name": "disk_crypto_key",
      "provider": "provider.google",
      "instances": [
        {
          "schema_version": 0,
          "attributes": {
            "crypto_key_id": "projects/data-protection-01/locations/us-east1/keyRings/gke-keyring-01/cryptoKeys/disk-key-01",
            "etag": "BwWjh6jVyEk=",
            "id": "projects/data-protection-01/locations/us-east1/keyRings/gke-keyring-01/cryptoKeys/disk-key-01/roles/cloudkms.cryptoKeyEncrypterDecrypter",
            "members": [
              "serviceAccount:gke-admin-01@data-protection-01.iam.gserviceaccount.com",
              "serviceAccount:service-196167569517@compute-system.iam.gserviceaccount.com",
              "serviceAccount:service-196167569517@container-engine-robot.iam.gserviceaccount.com"
            ],
            "role": "roles/cloudkms.cryptoKeyEncrypterDecrypter"
          },
          "private": "bnVsbA==",
          "dependencies": [
            "google_service_account.compute_engine_service_account"
          ]
        }
      ]
    },
    {
      "mode": "managed",
      "type": "google_kms_crypto_key_iam_binding",
      "name": "gke_crypto_key",
      "provider": "provider.google",
      "instances": [
        {
          "schema_version": 0,
          "attributes": {
            "crypto_key_id": "projects/data-protection-01/locations/us-east1/keyRings/gke-keyring-01/cryptoKeys/etcd-key-01",
            "etag": "BwWjh6jVwZI=",
            "id": "projects/data-protection-01/locations/us-east1/keyRings/gke-keyring-01/cryptoKeys/etcd-key-01/roles/cloudkms.cryptoKeyEncrypterDecrypter",
            "members": [
              "serviceAccount:gke-admin-01@data-protection-01.iam.gserviceaccount.com",
              "serviceAccount:service-196167569517@compute-system.iam.gserviceaccount.com",
              "serviceAccount:service-196167569517@container-engine-robot.iam.gserviceaccount.com"
            ],
            "role": "roles/cloudkms.cryptoKeyEncrypterDecrypter"
          },
          "private": "bnVsbA==",
          "dependencies": [
            "google_service_account.compute_engine_service_account"
          ]
        }
      ]
    },
    {
      "mode": "managed",
      "type": "google_project_iam_binding",
      "name": "saroles",
      "each": "map",
      "provider": "provider.google",
      "instances": [
        {
          "index_key": "roles/compute.viewer",
          "schema_version": 0,
          "attributes": {
            "etag": "BwWjh6kJ4kw=",
            "id": "data-protection-01/roles/compute.viewer",
            "members": [
              "serviceAccount:gke-admin-01@data-protection-01.iam.gserviceaccount.com"
            ],
            "project": "data-protection-01",
            "role": "roles/compute.viewer"
          },
          "private": "bnVsbA==",
          "dependencies": [
            "google_service_account.compute_engine_service_account"
          ]
        },
        {
          "index_key": "roles/container.clusterAdmin",
          "schema_version": 0,
          "attributes": {
            "etag": "BwWjh6kJ4kw=",
            "id": "data-protection-01/roles/container.clusterAdmin",
            "members": [
              "serviceAccount:gke-admin-01@data-protection-01.iam.gserviceaccount.com"
            ],
            "project": "data-protection-01",
            "role": "roles/container.clusterAdmin"
          },
          "private": "bnVsbA==",
          "dependencies": [
            "google_service_account.compute_engine_service_account"
          ]
        },
        {
          "index_key": "roles/container.developer",
          "schema_version": 0,
          "attributes": {
            "etag": "BwWjh6kJ4kw=",
            "id": "data-protection-01/roles/container.developer",
            "members": [
              "serviceAccount:gke-admin-01@data-protection-01.iam.gserviceaccount.com"
            ],
            "project": "data-protection-01",
            "role": "roles/container.developer"
          },
          "private": "bnVsbA==",
          "dependencies": [
            "google_service_account.compute_engine_service_account"
          ]
        },
        {
          "index_key": "roles/iam.serviceAccountAdmin",
          "schema_version": 0,
          "attributes": {
            "etag": "BwWjh6kJ4kw=",
            "id": "data-protection-01/roles/iam.serviceAccountAdmin",
            "members": [
              "serviceAccount:gke-admin-01@data-protection-01.iam.gserviceaccount.com"
            ],
            "project": "data-protection-01",
            "role": "roles/iam.serviceAccountAdmin"
          },
          "private": "bnVsbA==",
          "dependencies": [
            "google_service_account.compute_engine_service_account"
          ]
        },
        {
          "index_key": "roles/iam.serviceAccountUser",
          "schema_version": 0,
          "attributes": {
            "etag": "BwWjh6kJ4kw=",
            "id": "data-protection-01/roles/iam.serviceAccountUser",
            "members": [
              "serviceAccount:gke-admin-01@data-protection-01.iam.gserviceaccount.com"
            ],
            "project": "data-protection-01",
            "role": "roles/iam.serviceAccountUser"
          },
          "private": "bnVsbA==",
          "dependencies": [
            "google_service_account.compute_engine_service_account"
          ]
        },
        {
          "index_key": "roles/resourcemanager.projectIamAdmin",
          "schema_version": 0,
          "attributes": {
            "etag": "BwWjh6kJ4kw=",
            "id": "data-protection-01/roles/resourcemanager.projectIamAdmin",
            "members": [
              "serviceAccount:gke-admin-01@data-protection-01.iam.gserviceaccount.com"
            ],
            "project": "data-protection-01",
            "role": "roles/resourcemanager.projectIamAdmin"
          },
          "private": "bnVsbA==",
          "dependencies": [
            "google_service_account.compute_engine_service_account"
          ]
        }
      ]
    },
    {
      "module": "module.gke",
      "mode": "managed",
      "type": "google_project_iam_member",
      "name": "cluster_service_account-gcr",
      "each": "list",
      "provider": "provider.google",
      "instances": []
    },
    {
      "module": "module.gke",
      "mode": "managed",
      "type": "google_project_iam_member",
      "name": "cluster_service_account-log_writer",
      "each": "list",
      "provider": "provider.google",
      "instances": []
    },
    {
      "module": "module.gke",
      "mode": "managed",
      "type": "google_project_iam_member",
      "name": "cluster_service_account-metric_writer",
      "each": "list",
      "provider": "provider.google",
      "instances": []
    },
    {
      "module": "module.gke",
      "mode": "managed",
      "type": "google_project_iam_member",
      "name": "cluster_service_account-monitoring_viewer",
      "each": "list",
      "provider": "provider.google",
      "instances": []
    },
    {
      "module": "module.gke",
      "mode": "managed",
      "type": "google_project_iam_member",
      "name": "cluster_service_account-resourceMetadata-writer",
      "each": "list",
      "provider": "provider.google",
      "instances": []
    },
    {
      "module": "module.gke",
      "mode": "managed",
      "type": "google_service_account",
      "name": "cluster_service_account",
      "each": "list",
      "provider": "provider.google",
      "instances": []
    },
    {
      "mode": "managed",
      "type": "google_service_account",
      "name": "compute_engine_service_account",
      "provider": "provider.google",
      "instances": [
        {
          "schema_version": 0,
          "attributes": {
            "account_id": "gke-admin-01",
            "description": "",
            "display_name": "GKE Compuete Engine Service Account",
            "email": "gke-admin-01@data-protection-01.iam.gserviceaccount.com",
            "id": "projects/data-protection-01/serviceAccounts/gke-admin-01@data-protection-01.iam.gserviceaccount.com",
            "name": "projects/data-protection-01/serviceAccounts/gke-admin-01@data-protection-01.iam.gserviceaccount.com",
            "project": "data-protection-01",
            "unique_id": "110541383174213808538"
          },
          "private": "bnVsbA=="
        }
      ]
    },
    {
      "module": "module.gke",
      "mode": "managed",
      "type": "kubernetes_config_map",
      "name": "ip-masq-agent",
      "each": "list",
      "provider": "module.gke.provider.kubernetes",
      "instances": []
    },
    {
      "module": "module.gke",
      "mode": "managed",
      "type": "kubernetes_config_map",
      "name": "kube-dns",
      "each": "list",
      "provider": "module.gke.provider.kubernetes",
      "instances": []
    },
    {
      "module": "module.gke",
      "mode": "managed",
      "type": "kubernetes_config_map",
      "name": "kube-dns-upstream-nameservers-and-stub-domains",
      "each": "list",
      "provider": "module.gke.provider.kubernetes",
      "instances": []
    },
    {
      "module": "module.gke",
      "mode": "managed",
      "type": "kubernetes_config_map",
      "name": "kube-dns-upstream-namservers",
      "each": "list",
      "provider": "module.gke.provider.kubernetes",
      "instances": []
    },
    {
      "module": "module.gke",
      "mode": "managed",
      "type": "null_resource",
      "name": "delete_default_kube_dns_configmap",
      "each": "list",
      "provider": "provider.null",
      "instances": []
    },
    {
      "module": "module.gke",
      "mode": "managed",
      "type": "null_resource",
      "name": "wait_for_cluster",
      "each": "list",
      "provider": "provider.null",
      "instances": [
        {
          "index_key": 0,
          "schema_version": 0,
          "attributes": {
            "id": "7775558023532543887",
            "triggers": {
              "name": "dmilan-gke-01",
              "project_id": "data-protection-01"
            }
          },
          "private": "bnVsbA==",
          "dependencies": [
            "google_kms_crypto_key_iam_binding.disk_crypto_key",
            "google_kms_crypto_key_iam_binding.gke_crypto_key",
            "google_service_account.compute_engine_service_account",
            "module.gke.google_container_cluster.primary",
            "module.gke.google_container_node_pool.pools",
            "module.gke.google_service_account.cluster_service_account",
            "module.gke.random_shuffle.available_zones"
          ]
        }
      ]
    },
    {
      "module": "module.gke",
      "mode": "managed",
      "type": "random_shuffle",
      "name": "available_zones",
      "provider": "provider.random",
      "instances": [
        {
          "schema_version": 0,
          "attributes": {
            "id": "-",
            "input": [
              "us-east1-b",
              "us-east1-c",
              "us-east1-d"
            ],
            "keepers": null,
            "result": [
              "us-east1-b",
              "us-east1-c",
              "us-east1-d"
            ],
            "result_count": 3,
            "seed": null
          },
          "private": "bnVsbA=="
        }
      ]
    },
    {
      "module": "module.gke",
      "mode": "managed",
      "type": "random_string",
      "name": "cluster_service_account_suffix",
      "provider": "provider.random",
      "instances": [
        {
          "schema_version": 1,
          "attributes": {
            "id": "xq3a",
            "keepers": null,
            "length": 4,
            "lower": true,
            "min_lower": 0,
            "min_numeric": 0,
            "min_special": 0,
            "min_upper": 0,
            "number": true,
            "override_special": null,
            "result": "xq3a",
            "special": false,
            "upper": false
          },
          "private": "eyJzY2hlbWFfdmVyc2lvbiI6IjEifQ=="
        }
      ]
    }
  ]
}
